{
  "name": "clean_up",
  "version": "1.0.0",
  "lockfileVersion": 3,
  "requires": true,
  "packages": {
    "": {
      "name": "clean_up",
      "version": "1.0.0",
      "license": "ISC",
      "dependencies": {
        "clean_up": "file:"
      }
    },
    "node_modules/clean_up": {
      "resolved": "",
      "link": true
    }
  }
}
